// !$*UTF8*$!
{
	archiveVersion = 1;
	classes = {
	};
	objectVersion = 46;
	objects = {

/* Begin PBXBuildFile section */
		6C30E87E1C2E507B00882AB8 /* main.m in Sources */ = {isa = PBXBuildFile; fileRef = 6C30E87D1C2E507B00882AB8 /* main.m */; };
		6C30E8811C2E507B00882AB8 /* AppDelegate.m in Sources */ = {isa = PBXBuildFile; fileRef = 6C30E8801C2E507B00882AB8 /* AppDelegate.m */; };
		6C30E8841C2E507B00882AB8 /* ViewController.m in Sources */ = {isa = PBXBuildFile; fileRef = 6C30E8831C2E507B00882AB8 /* ViewController.m */; };
		6C30E8871C2E507B00882AB8 /* Main.storyboard in Resources */ = {isa = PBXBuildFile; fileRef = 6C30E8851C2E507B00882AB8 /* Main.storyboard */; };
		6C30E8891C2E507B00882AB8 /* Assets.xcassets in Resources */ = {isa = PBXBuildFile; fileRef = 6C30E8881C2E507B00882AB8 /* Assets.xcassets */; };
		6C30E88C1C2E507B00882AB8 /* LaunchScreen.storyboard in Resources */ = {isa = PBXBuildFile; fileRef = 6C30E88A1C2E507B00882AB8 /* LaunchScreen.storyboard */; };
		6C30E8B21C2E50AB00882AB8 /* NSObject+vk_msgSend.m in Sources */ = {isa = PBXBuildFile; fileRef = 6C30E8B11C2E50AB00882AB8 /* NSObject+vk_msgSend.m */; };
		6C30E8B61C2E52AB00882AB8 /* testClassA.m in Sources */ = {isa = PBXBuildFile; fileRef = 6C30E8B51C2E52AB00882AB8 /* testClassA.m */; };
		6CF7F85A1C3E9EC7002850B8 /* vk_msgSend_projTests.m in Sources */ = {isa = PBXBuildFile; fileRef = 6CF7F8591C3E9EC7002850B8 /* vk_msgSend_projTests.m */; };
/* End PBXBuildFile section */

/* Begin PBXContainerItemProxy section */
		6CF7F85C1C3E9EC7002850B8 /* PBXContainerItemProxy */ = {
			isa = PBXContainerItemProxy;
			containerPortal = 6C30E8711C2E507B00882AB8 /* Project object */;
			proxyType = 1;
			remoteGlobalIDString = 6C30E8781C2E507B00882AB8;
			remoteInfo = vk_msgSend_proj;
		};
/* End PBXContainerItemProxy section */

/* Begin PBXFileReference section */
		6C30E8791C2E507B00882AB8 /* vk_msgSend_proj.app */ = {isa = PBXFileReference; explicitFileType = wrapper.application; includeInIndex = 0; path = vk_msgSend_proj.app; sourceTree = BUILT_PRODUCTS_DIR; };
		6C30E87D1C2E507B00882AB8 /* main.m */ = {isa = PBXFileReference; lastKnownFileType = sourcecode.c.objc; path = main.m; sourceTree = "<group>"; };
		6C30E87F1C2E507B00882AB8 /* AppDelegate.h */ = {isa = PBXFileReference; lastKnownFileType = sourcecode.c.h; path = AppDelegate.h; sourceTree = "<group>"; };
		6C30E8801C2E507B00882AB8 /* AppDelegate.m */ = {isa = PBXFileReference; lastKnownFileType = sourcecode.c.objc; path = AppDelegate.m; sourceTree = "<group>"; };
		6C30E8821C2E507B00882AB8 /* ViewController.h */ = {isa = PBXFileReference; lastKnownFileType = sourcecode.c.h; path = ViewController.h; sourceTree = "<group>"; };
		6C30E8831C2E507B00882AB8 /* ViewController.m */ = {isa = PBXFileReference; lastKnownFileType = sourcecode.c.objc; path = ViewController.m; sourceTree = "<group>"; };
		6C30E8861C2E507B00882AB8 /* Base */ = {isa = PBXFileReference; lastKnownFileType = file.storyboard; name = Base; path = Base.lproj/Main.storyboard; sourceTree = "<group>"; };
		6C30E8881C2E507B00882AB8 /* Assets.xcassets */ = {isa = PBXFileReference; lastKnownFileType = folder.assetcatalog; path = Assets.xcassets; sourceTree = "<group>"; };
		6C30E88B1C2E507B00882AB8 /* Base */ = {isa = PBXFileReference; lastKnownFileType = file.storyboard; name = Base; path = Base.lproj/LaunchScreen.storyboard; sourceTree = "<group>"; };
		6C30E88D1C2E507B00882AB8 /* Info.plist */ = {isa = PBXFileReference; lastKnownFileType = text.plist.xml; path = Info.plist; sourceTree = "<group>"; };
		6C30E8B01C2E50AB00882AB8 /* NSObject+vk_msgSend.h */ = {isa = PBXFileReference; fileEncoding = 4; lastKnownFileType = sourcecode.c.h; path = "NSObject+vk_msgSend.h"; sourceTree = "<group>"; };
		6C30E8B11C2E50AB00882AB8 /* NSObject+vk_msgSend.m */ = {isa = PBXFileReference; fileEncoding = 4; lastKnownFileType = sourcecode.c.objc; path = "NSObject+vk_msgSend.m"; sourceTree = "<group>"; };
		6C30E8B31C2E50D300882AB8 /* vk_msgSend.h */ = {isa = PBXFileReference; fileEncoding = 4; lastKnownFileType = sourcecode.c.h; path = vk_msgSend.h; sourceTree = "<group>"; };
		6C30E8B41C2E52AB00882AB8 /* testClassA.h */ = {isa = PBXFileReference; fileEncoding = 4; lastKnownFileType = sourcecode.c.h; path = testClassA.h; sourceTree = "<group>"; };
		6C30E8B51C2E52AB00882AB8 /* testClassA.m */ = {isa = PBXFileReference; fileEncoding = 4; lastKnownFileType = sourcecode.c.objc; path = testClassA.m; sourceTree = "<group>"; };
		6CF7F8571C3E9EC7002850B8 /* vk_msgSend_projTests.xctest */ = {isa = PBXFileReference; explicitFileType = wrapper.cfbundle; includeInIndex = 0; path = vk_msgSend_projTests.xctest; sourceTree = BUILT_PRODUCTS_DIR; };
		6CF7F8591C3E9EC7002850B8 /* vk_msgSend_projTests.m */ = {isa = PBXFileReference; lastKnownFileType = sourcecode.c.objc; path = vk_msgSend_projTests.m; sourceTree = "<group>"; };
		6CF7F85B1C3E9EC7002850B8 /* Info.plist */ = {isa = PBXFileReference; lastKnownFileType = text.plist.xml; path = Info.plist; sourceTree = "<group>"; };
/* End PBXFileReference section */

/* Begin PBXFrameworksBuildPhase section */
		6C30E8761C2E507B00882AB8 /* Frameworks */ = {
			isa = PBXFrameworksBuildPhase;
			buildActionMask = 2147483647;
			files = (
			);
			runOnlyForDeploymentPostprocessing = 0;
		};
		6CF7F8541C3E9EC7002850B8 /* Frameworks */ = {
			isa = PBXFrameworksBuildPhase;
			buildActionMask = 2147483647;
			files = (
			);
			runOnlyForDeploymentPostprocessing = 0;
		};
/* End PBXFrameworksBuildPhase section */

/* Begin PBXGroup section */
		6C30E8701C2E507B00882AB8 = {
			isa = PBXGroup;
			children = (
				6C30E8AF1C2E50AB00882AB8 /* vk_msgSend */,
				6C30E87B1C2E507B00882AB8 /* vk_msgSend_proj */,
				6CF7F8581C3E9EC7002850B8 /* vk_msgSend_projTests */,
				6C30E87A1C2E507B00882AB8 /* Products */,
			);
			sourceTree = "<group>";
		};
		6C30E87A1C2E507B00882AB8 /* Products */ = {
			isa = PBXGroup;
			children = (
				6C30E8791C2E507B00882AB8 /* vk_msgSend_proj.app */,
				6CF7F8571C3E9EC7002850B8 /* vk_msgSend_projTests.xctest */,
			);
			name = Products;
			sourceTree = "<group>";
		};
		6C30E87B1C2E507B00882AB8 /* vk_msgSend_proj */ = {
			isa = PBXGroup;
			children = (
				6C30E8B41C2E52AB00882AB8 /* testClassA.h */,
				6C30E8B51C2E52AB00882AB8 /* testClassA.m */,
				6C30E87F1C2E507B00882AB8 /* AppDelegate.h */,
				6C30E8801C2E507B00882AB8 /* AppDelegate.m */,
				6C30E8821C2E507B00882AB8 /* ViewController.h */,
				6C30E8831C2E507B00882AB8 /* ViewController.m */,
				6C30E8851C2E507B00882AB8 /* Main.storyboard */,
				6C30E8881C2E507B00882AB8 /* Assets.xcassets */,
				6C30E88A1C2E507B00882AB8 /* LaunchScreen.storyboard */,
				6C30E88D1C2E507B00882AB8 /* Info.plist */,
				6C30E87C1C2E507B00882AB8 /* Supporting Files */,
			);
			path = vk_msgSend_proj;
			sourceTree = "<group>";
		};
		6C30E87C1C2E507B00882AB8 /* Supporting Files */ = {
			isa = PBXGroup;
			children = (
				6C30E87D1C2E507B00882AB8 /* main.m */,
			);
			name = "Supporting Files";
			sourceTree = "<group>";
		};
		6C30E8AF1C2E50AB00882AB8 /* vk_msgSend */ = {
			isa = PBXGroup;
			children = (
				6C30E8B01C2E50AB00882AB8 /* NSObject+vk_msgSend.h */,
				6C30E8B11C2E50AB00882AB8 /* NSObject+vk_msgSend.m */,
				6C30E8B31C2E50D300882AB8 /* vk_msgSend.h */,
			);
			path = vk_msgSend;
			sourceTree = "<group>";
		};
		6CF7F8581C3E9EC7002850B8 /* vk_msgSend_projTests */ = {
			isa = PBXGroup;
			children = (
				6CF7F8591C3E9EC7002850B8 /* vk_msgSend_projTests.m */,
				6CF7F85B1C3E9EC7002850B8 /* Info.plist */,
			);
			path = vk_msgSend_projTests;
			sourceTree = "<group>";
		};
/* End PBXGroup section */

/* Begin PBXNativeTarget section */
		6C30E8781C2E507B00882AB8 /* vk_msgSend_proj */ = {
			isa = PBXNativeTarget;
			buildConfigurationList = 6C30E8A61C2E507C00882AB8 /* Build configuration list for PBXNativeTarget "vk_msgSend_proj" */;
			buildPhases = (
				6C30E8751C2E507B00882AB8 /* Sources */,
				6C30E8761C2E507B00882AB8 /* Frameworks */,
				6C30E8771C2E507B00882AB8 /* Resources */,
			);
			buildRules = (
			);
			dependencies = (
			);
			name = vk_msgSend_proj;
			productName = vk_msgSend_proj;
			productReference = 6C30E8791C2E507B00882AB8 /* vk_msgSend_proj.app */;
			productType = "com.apple.product-type.application";
		};
		6CF7F8561C3E9EC7002850B8 /* vk_msgSend_projTests */ = {
			isa = PBXNativeTarget;
			buildConfigurationList = 6CF7F8601C3E9EC7002850B8 /* Build configuration list for PBXNativeTarget "vk_msgSend_projTests" */;
			buildPhases = (
				6CF7F8531C3E9EC7002850B8 /* Sources */,
				6CF7F8541C3E9EC7002850B8 /* Frameworks */,
				6CF7F8551C3E9EC7002850B8 /* Resources */,
			);
			buildRules = (
			);
			dependencies = (
				6CF7F85D1C3E9EC7002850B8 /* PBXTargetDependency */,
			);
			name = vk_msgSend_projTests;
			productName = vk_msgSend_projTests;
			productReference = 6CF7F8571C3E9EC7002850B8 /* vk_msgSend_projTests.xctest */;
			productType = "com.apple.product-type.bundle.unit-test";
		};
/* End PBXNativeTarget section */

/* Begin PBXProject section */
		6C30E8711C2E507B00882AB8 /* Project object */ = {
			isa = PBXProject;
			attributes = {
				LastUpgradeCheck = 0720;
				ORGANIZATIONNAME = Awhisper;
				TargetAttributes = {
					6C30E8781C2E507B00882AB8 = {
						CreatedOnToolsVersion = 7.2;
					};
					6CF7F8561C3E9EC7002850B8 = {
						CreatedOnToolsVersion = 7.2;
						TestTargetID = 6C30E8781C2E507B00882AB8;
					};
				};
			};
			buildConfigurationList = 6C30E8741C2E507B00882AB8 /* Build configuration list for PBXProject "vk_msgSend_proj" */;
			compatibilityVersion = "Xcode 3.2";
			developmentRegion = English;
			hasScannedForEncodings = 0;
			knownRegions = (
				en,
				Base,
			);
			mainGroup = 6C30E8701C2E507B00882AB8;
			productRefGroup = 6C30E87A1C2E507B00882AB8 /* Products */;
			projectDirPath = "";
			projectRoot = "";
			targets = (
				6C30E8781C2E507B00882AB8 /* vk_msgSend_proj */,
				6CF7F8561C3E9EC7002850B8 /* vk_msgSend_projTests */,
			);
		};
/* End PBXProject section */

/* Begin PBXResourcesBuildPhase section */
		6C30E8771C2E507B00882AB8 /* Resources */ = {
			isa = PBXResourcesBuildPhase;
			buildActionMask = 2147483647;
			files = (
				6C30E88C1C2E507B00882AB8 /* LaunchScreen.storyboard in Resources */,
				6C30E8891C2E507B00882AB8 /* Assets.xcassets in Resources */,
				6C30E8871C2E507B00882AB8 /* Main.storyboard in Resources */,
			);
			runOnlyForDeploymentPostprocessing = 0;
		};
		6CF7F8551C3E9EC7002850B8 /* Resources */ = {
			isa = PBXResourcesBuildPhase;
			buildActionMask = 2147483647;
			files = (
			);
			runOnlyForDeploymentPostprocessing = 0;
		};
/* End PBXResourcesBuildPhase section */

/* Begin PBXSourcesBuildPhase section */
		6C30E8751C2E507B00882AB8 /* Sources */ = {
			isa = PBXSourcesBuildPhase;
			buildActionMask = 2147483647;
			files = (
				6C30E8B21C2E50AB00882AB8 /* NSObject+vk_msgSend.m in Sources */,
				6C30E8841C2E507B00882AB8 /* ViewController.m in Sources */,
				6C30E8811C2E507B00882AB8 /* AppDelegate.m in Sources */,
				6C30E8B61C2E52AB00882AB8 /* testClassA.m in Sources */,
				6C30E87E1C2E507B00882AB8 /* main.m in Sources */,
			);
			runOnlyForDeploymentPostprocessing = 0;
		};
		6CF7F8531C3E9EC7002850B8 /* Sources */ = {
			isa = PBXSourcesBuildPhase;
			buildActionMask = 2147483647;
			files = (
				6CF7F85A1C3E9EC7002850B8 /* vk_msgSend_projTests.m in Sources */,
			);
			runOnlyForDeploymentPostprocessing = 0;
		};
/* End PBXSourcesBuildPhase section */

/* Begin PBXTargetDependency section */
		6CF7F85D1C3E9EC7002850B8 /* PBXTargetDependency */ = {
			isa = PBXTargetDependency;
			target = 6C30E8781C2E507B00882AB8 /* vk_msgSend_proj */;
			targetProxy = 6CF7F85C1C3E9EC7002850B8 /* PBXContainerItemProxy */;
		};
/* End PBXTargetDependency section */

/* Begin PBXVariantGroup section */
		6C30E8851C2E507B00882AB8 /* Main.storyboard */ = {
			isa = PBXVariantGroup;
			children = (
				6C30E8861C2E507B00882AB8 /* Base */,
			);
			name = Main.storyboard;
			sourceTree = "<group>";
		};
		6C30E88A1C2E507B00882AB8 /* LaunchScreen.storyboard */ = {
			isa = PBXVariantGroup;
			children = (
				6C30E88B1C2E507B00882AB8 /* Base */,
			);
			name = LaunchScreen.storyboard;
			sourceTree = "<group>";
		};
/* End PBXVariantGroup section */

/* Begin XCBuildConfiguration section */
		6C30E8A41C2E507C00882AB8 /* Debug */ = {
			isa = XCBuildConfiguration;
			buildSettings = {
				ALWAYS_SEARCH_USER_PATHS = NO;
				CLANG_CXX_LANGUAGE_STANDARD = "gnu++0x";
				CLANG_CXX_LIBRARY = "libc++";
				CLANG_ENABLE_MODULES = YES;
				CLANG_ENABLE_OBJC_ARC = YES;
				CLANG_WARN_BOOL_CONVERSION = YES;
				CLANG_WARN_CONSTANT_CONVERSION = YES;
				CLANG_WARN_DIRECT_OBJC_ISA_USAGE = YES_ERROR;
				CLANG_WARN_EMPTY_BODY = YES;
				CLANG_WARN_ENUM_CONVERSION = YES;
				CLANG_WARN_INT_CONVERSION = YES;
				CLANG_WARN_OBJC_ROOT_CLASS = YES_ERROR;
				CLANG_WARN_UNREACHABLE_CODE = YES;
				CLANG_WARN__DUPLICATE_METHOD_MATCH = YES;
				"CODE_SIGN_IDENTITY[sdk=iphoneos*]" = "iPhone Developer";
				COPY_PHASE_STRIP = NO;
				DEBUG_INFORMATION_FORMAT = dwarf;
				ENABLE_STRICT_OBJC_MSGSEND = YES;
				ENABLE_TESTABILITY = YES;
				GCC_C_LANGUAGE_STANDARD = gnu99;
				GCC_DYNAMIC_NO_PIC = NO;
				GCC_NO_COMMON_BLOCKS = YES;
				GCC_OPTIMIZATION_LEVEL = 0;
				GCC_PREPROCESSOR_DEFINITIONS = (
					"DEBUG=1",
					"$(inherited)",
				);
				GCC_WARN_64_TO_32_BIT_CONVERSION = YES;
				GCC_WARN_ABOUT_RETURN_TYPE = YES_ERROR;
				GCC_WARN_UNDECLARED_SELECTOR = YES;
				GCC_WARN_UNINITIALIZED_AUTOS = YES_AGGRESSIVE;
				GCC_WARN_UNUSED_FUNCTION = YES;
				GCC_WARN_UNUSED_VARIABLE = YES;
				IPHONEOS_DEPLOYMENT_TARGET = 9.2;
				MTL_ENABLE_DEBUG_INFO = YES;
				ONLY_ACTIVE_ARCH = YES;
				SDKROOT = iphoneos;
				TARGETED_DEVICE_FAMILY = "1,2";
			};
			name = Debug;
		};
		6C30E8A51C2E507C00882AB8 /* Release */ = {
			isa = XCBuildConfiguration;
			buildSettings = {
				ALWAYS_SEARCH_USER_PATHS = NO;
				CLANG_CXX_LANGUAGE_STANDARD = "gnu++0x";
				CLANG_CXX_LIBRARY = "libc++";
				CLANG_ENABLE_MODULES = YES;
				CLANG_ENABLE_OBJC_ARC = YES;
				CLANG_WARN_BOOL_CONVERSION = YES;
				CLANG_WARN_CONSTANT_CONVERSION = YES;
				CLANG_WARN_DIRECT_OBJC_ISA_USAGE = YES_ERROR;
				CLANG_WARN_EMPTY_BODY = YES;
				CLANG_WARN_ENUM_CONVERSION = YES;
				CLANG_WARN_INT_CONVERSION = YES;
				CLANG_WARN_OBJC_ROOT_CLASS = YES_ERROR;
				CLANG_WARN_UNREACHABLE_CODE = YES;
				CLANG_WARN__DUPLICATE_METHOD_MATCH = YES;
				"CODE_SIGN_IDENTITY[sdk=iphoneos*]" = "iPhone Developer";
				COPY_PHASE_STRIP = NO;
				DEBUG_INFORMATION_FORMAT = "dwarf-with-dsym";
				ENABLE_NS_ASSERTIONS = NO;
				ENABLE_STRICT_OBJC_MSGSEND = YES;
				GCC_C_LANGUAGE_STANDARD = gnu99;
				GCC_NO_COMMON_BLOCKS = YES;
				GCC_WARN_64_TO_32_BIT_CONVERSION = YES;
				GCC_WARN_ABOUT_RETURN_TYPE = YES_ERROR;
				GCC_WARN_UNDECLARED_SELECTOR = YES;
				GCC_WARN_UNINITIALIZED_AUTOS = YES_AGGRESSIVE;
				GCC_WARN_UNUSED_FUNCTION = YES;
				GCC_WARN_UNUSED_VARIABLE = YES;
				IPHONEOS_DEPLOYMENT_TARGET = 9.2;
				MTL_ENABLE_DEBUG_INFO = NO;
				SDKROOT = iphoneos;
				TARGETED_DEVICE_FAMILY = "1,2";
				VALIDATE_PRODUCT = YES;
			};
			name = Release;
		};
		6C30E8A71C2E507C00882AB8 /* Debug */ = {
			isa = XCBuildConfiguration;
			buildSettings = {
				ASSETCATALOG_COMPILER_APPICON_NAME = AppIcon;
				INFOPLIST_FILE = vk_msgSend_proj/Info.plist;
				IPHONEOS_DEPLOYMENT_TARGET = 7.0;
				LD_RUNPATH_SEARCH_PATHS = "$(inherited) @executable_path/Frameworks";
				PRODUCT_BUNDLE_IDENTIFIER = "com.awhisper.test.vk-msgSend-proj";
				PRODUCT_NAME = "$(TARGET_NAME)";
			};
			name = Debug;
		};
		6C30E8A81C2E507C00882AB8 /* Release */ = {
			isa = XCBuildConfiguration;
			buildSettings = {
				ASSETCATALOG_COMPILER_APPICON_NAME = AppIcon;
				INFOPLIST_FILE = vk_msgSend_proj/Info.plist;
				IPHONEOS_DEPLOYMENT_TARGET = 7.0;
				LD_RUNPATH_SEARCH_PATHS = "$(inherited) @executable_path/Frameworks";
				PRODUCT_BUNDLE_IDENTIFIER = "com.awhisper.test.vk-msgSend-proj";
				PRODUCT_NAME = "$(TARGET_NAME)";
			};
			name = Release;
		};
		6CF7F85E1C3E9EC7002850B8 /* Debug */ = {
			isa = XCBuildConfiguration;
			buildSettings = {
				BUNDLE_LOADER = "$(TEST_HOST)";
				INFOPLIST_FILE = vk_msgSend_projTests/Info.plist;
				LD_RUNPATH_SEARCH_PATHS = "$(inherited) @executable_path/Frameworks @loader_path/Frameworks";
				PRODUCT_BUNDLE_IDENTIFIER = "com.awhisper.test.vk-msgSend-projTests";
				PRODUCT_NAME = "$(TARGET_NAME)";
				TEST_HOST = "$(BUILT_PRODUCTS_DIR)/vk_msgSend_proj.app/vk_msgSend_proj";
			};
			name = Debug;
		};
		6CF7F85F1C3E9EC7002850B8 /* Release */ = {
			isa = XCBuildConfiguration;
			buildSettings = {
				BUNDLE_LOADER = "$(TEST_HOST)";
				INFOPLIST_FILE = vk_msgSend_projTests/Info.plist;
				LD_RUNPATH_SEARCH_PATHS = "$(inherited) @executable_path/Frameworks @loader_path/Frameworks";
				PRODUCT_BUNDLE_IDENTIFIER = "com.awhisper.test.vk-msgSend-projTests";
				PRODUCT_NAME = "$(TARGET_NAME)";
				TEST_HOST = "$(BUILT_PRODUCTS_DIR)/vk_msgSend_proj.app/vk_msgSend_proj";
			};
			name = Release;
		};
/* End XCBuildConfiguration section */

/* Begin XCConfigurationList section */
		6C30E8741C2E507B00882AB8 /* Build configuration list for PBXProject "vk_msgSend_proj" */ = {
			isa = XCConfigurationList;
			buildConfigurations = (
				6C30E8A41C2E507C00882AB8 /* Debug */,
				6C30E8A51C2E507C00882AB8 /* Release */,
			);
			defaultConfigurationIsVisible = 0;
			defaultConfigurationName = Release;
		};
		6C30E8A61C2E507C00882AB8 /* Build configuration list for PBXNativeTarget "vk_msgSend_proj" */ = {
			isa = XCConfigurationList;
			buildConfigurations = (
				6C30E8A71C2E507C00882AB8 /* Debug */,
				6C30E8A81C2E507C00882AB8 /* Release */,
			);
			defaultConfigurationIsVisible = 0;
			defaultConfigurationName = Release;
		};
		6CF7F8601C3E9EC7002850B8 /* Build configuration list for PBXNativeTarget "vk_msgSend_projTests" */ = {
			isa = XCConfigurationList;
			buildConfigurations = (
				6CF7F85E1C3E9EC7002850B8 /* Debug */,
				6CF7F85F1C3E9EC7002850B8 /* Release */,
			);
			defaultConfigurationIsVisible = 0;
		};
/* End XCConfigurationList section */
	};
	rootObject = 6C30E8711C2E507B00882AB8 /* Project object */;
}
